Microsoft Visual Studio Solution File, Format Version 11.00
# Visual Studio 2008

Project("{CFEF6D83-5BA1-FF46-60CD-457A0A76D87D}") = "Whiskrs", "Assembly-CSharp.csproj", "{2D71C95F-2506-CAB5-1DAC-111E02965891}"
EndProject
Project("{CFEF6D83-5BA1-FF46-60CD-457A0A76D87D}") = "Whiskrs", "Assembly-CSharp-Editor.csproj", "{0A3B602C-CD1E-2836-0D16-42AC0145B268}"
EndProject
Global
	GlobalSection(SolutionConfigurationPlatforms) = preSolution
		Debug|Any CPU = Debug|Any CPU
		Release|Any CPU = Release|Any CPU
	EndGlobalSection
	GlobalSection(ProjectConfigurationPlatforms) = postSolution
		{2D71C95F-2506-CAB5-1DAC-111E02965891}.Debug|Any CPU.ActiveCfg = Debug|Any CPU
		{2D71C95F-2506-CAB5-1DAC-111E02965891}.Debug|Any CPU.Build.0 = Debug|Any CPU
		{2D71C95F-2506-CAB5-1DAC-111E02965891}.Release|Any CPU.ActiveCfg = Release|Any CPU
		{2D71C95F-2506-CAB5-1DAC-111E02965891}.Release|Any CPU.Build.0 = Release|Any CPU
		{0A3B602C-CD1E-2836-0D16-42AC0145B268}.Debug|Any CPU.ActiveCfg = Debug|Any CPU
		{0A3B602C-CD1E-2836-0D16-42AC0145B268}.Debug|Any CPU.Build.0 = Debug|Any CPU
		{0A3B602C-CD1E-2836-0D16-42AC0145B268}.Release|Any CPU.ActiveCfg = Release|Any CPU
		{0A3B602C-CD1E-2836-0D16-42AC0145B268}.Release|Any CPU.Build.0 = Release|Any CPU
	EndGlobalSection
	GlobalSection(SolutionProperties) = preSolution
		HideSolutionNode = FALSE
	EndGlobalSection
																																																													GlobalSection(MonoDevelopProperties) = preSolution
		StartupItem = Assembly-CSharp.csproj
		Policies = $0
		$0.TextStylePolicy = $1
		$1.inheritsSet = null
		$1.scope = text/x-csharp
		$0.CSharpFormattingPolicy = $2
		$2.inheritsSet = Mono
		$2.inheritsScope = text/x-csharp
		$2.scope = text/x-csharp
		$0.TextStylePolicy = $3
		$3.FileWidth = 120
		$3.TabWidth = 4
		$3.IndentWidth = 4
		$3.EolMarker = Unix
		$3.inheritsSet = Mono
		$3.inheritsScope = text/plain
		$3.scope = text/plain
	EndGlobalSection

EndGlobal
