
Microsoft Visual Studio Solution File, Format Version 12.00
# Visual Studio 2015
Project("{FAE04EC0-301F-11D3-BF4B-00C04F79EFBC}") = "Whiskrs.CSharp", "Whiskrs.CSharp.csproj", "{DDAD201F-AEDC-FC66-A943-0E8C20CC6897}"
EndProject
Project("{FAE04EC0-301F-11D3-BF4B-00C04F79EFBC}") = "Whiskrs.CSharp.Editor", "Whiskrs.CSharp.Editor.csproj", "{41EAC7BB-A812-94DE-27BC-765FA5D9AF36}"
EndProject
Global
	GlobalSection(SolutionConfigurationPlatforms) = preSolution
		Debug|Any CPU = Debug|Any CPU
		Release|Any CPU = Release|Any CPU
	EndGlobalSection
	GlobalSection(ProjectConfigurationPlatforms) = postSolution
		{DDAD201F-AEDC-FC66-A943-0E8C20CC6897}.Debug|Any CPU.ActiveCfg = Debug|Any CPU
		{DDAD201F-AEDC-FC66-A943-0E8C20CC6897}.Debug|Any CPU.Build.0 = Debug|Any CPU
		{DDAD201F-AEDC-FC66-A943-0E8C20CC6897}.Release|Any CPU.ActiveCfg = Release|Any CPU
		{DDAD201F-AEDC-FC66-A943-0E8C20CC6897}.Release|Any CPU.Build.0 = Release|Any CPU
		{41EAC7BB-A812-94DE-27BC-765FA5D9AF36}.Debug|Any CPU.ActiveCfg = Debug|Any CPU
		{41EAC7BB-A812-94DE-27BC-765FA5D9AF36}.Debug|Any CPU.Build.0 = Debug|Any CPU
		{41EAC7BB-A812-94DE-27BC-765FA5D9AF36}.Release|Any CPU.ActiveCfg = Release|Any CPU
		{41EAC7BB-A812-94DE-27BC-765FA5D9AF36}.Release|Any CPU.Build.0 = Release|Any CPU
	EndGlobalSection
	GlobalSection(SolutionProperties) = preSolution
		HideSolutionNode = FALSE
	EndGlobalSection
EndGlobal
